// !$*UTF8*$!
{
	archiveVersion = 1;
	classes = {
	};
	objectVersion = 50;
	objects = {

/* Begin PBXBuildFile section */
		084E9FF620D950DC003B0D6D /* AppDelegate.swift in Sources */ = {isa = PBXBuildFile; fileRef = 084E9FF520D950DC003B0D6D /* AppDelegate.swift */; };
		084E9FF820D950DC003B0D6D /* ViewController.swift in Sources */ = {isa = PBXBuildFile; fileRef = 084E9FF720D950DC003B0D6D /* ViewController.swift */; };
		084E9FFB20D950DC003B0D6D /* Main.storyboard in Resources */ = {isa = PBXBuildFile; fileRef = 084E9FF920D950DC003B0D6D /* Main.storyboard */; };
		084E9FFD20D950DE003B0D6D /* Assets.xcassets in Resources */ = {isa = PBXBuildFile; fileRef = 084E9FFC20D950DE003B0D6D /* Assets.xcassets */; };
		084EA00020D950DE003B0D6D /* LaunchScreen.storyboard in Resources */ = {isa = PBXBuildFile; fileRef = 084E9FFE20D950DE003B0D6D /* LaunchScreen.storyboard */; };
		084EA00820D9514A003B0D6D /* File.swift in Sources */ = {isa = PBXBuildFile; fileRef = 084EA00720D9514A003B0D6D /* File.swift */; };
/* End PBXBuildFile section */

/* Begin PBXFileReference section */
		084E9FF220D950DC003B0D6D /* 第二天表的练习.app */ = {isa = PBXFileReference; explicitFileType = wrapper.application; includeInIndex = 0; path = "第二天表的练习.app"; sourceTree = BUILT_PRODUCTS_DIR; };
		084E9FF520D950DC003B0D6D /* AppDelegate.swift */ = {isa = PBXFileReference; lastKnownFileType = sourcecode.swift; path = AppDelegate.swift; sourceTree = "<group>"; };
		084E9FF720D950DC003B0D6D /* ViewController.swift */ = {isa = PBXFileReference; lastKnownFileType = sourcecode.swift; path = ViewController.swift; sourceTree = "<group>"; };
		084E9FFA20D950DC003B0D6D /* Base */ = {isa = PBXFileReference; lastKnownFileType = file.storyboard; name = Base; path = Base.lproj/Main.storyboard; sourceTree = "<group>"; };
		084E9FFC20D950DE003B0D6D /* Assets.xcassets */ = {isa = PBXFileReference; lastKnownFileType = folder.assetcatalog; path = Assets.xcassets; sourceTree = "<group>"; };
		084E9FFF20D950DE003B0D6D /* Base */ = {isa = PBXFileReference; lastKnownFileType = file.storyboard; name = Base; path = Base.lproj/LaunchScreen.storyboard; sourceTree = "<group>"; };
		084EA00120D950DE003B0D6D /* Info.plist */ = {isa = PBXFileReference; lastKnownFileType = text.plist.xml; path = Info.plist; sourceTree = "<group>"; };
		084EA00720D9514A003B0D6D /* File.swift */ = {isa = PBXFileReference; fileEncoding = 4; lastKnownFileType = sourcecode.swift; path = File.swift; sourceTree = "<group>"; };
/* End PBXFileReference section */

/* Begin PBXFrameworksBuildPhase section */
		084E9FEF20D950DC003B0D6D /* Frameworks */ = {
			isa = PBXFrameworksBuildPhase;
			buildActionMask = 2147483647;
			files = (
			);
			runOnlyForDeploymentPostprocessing = 0;
		};
/* End PBXFrameworksBuildPhase section */

/* Begin PBXGroup section */
		084E9FE920D950DC003B0D6D = {
			isa = PBXGroup;
			children = (
				084E9FF420D950DC003B0D6D /* 第二天表的练习 */,
				084E9FF320D950DC003B0D6D /* Products */,
			);
			sourceTree = "<group>";
		};
		084E9FF320D950DC003B0D6D /* Products */ = {
			isa = PBXGroup;
			children = (
				084E9FF220D950DC003B0D6D /* 第二天表的练习.app */,
			);
			name = Products;
			sourceTree = "<group>";
		};
		084E9FF420D950DC003B0D6D /* 第二天表的练习 */ = {
			isa = PBXGroup;
			children = (
				084E9FF520D950DC003B0D6D /* AppDelegate.swift */,
				084E9FF720D950DC003B0D6D /* ViewController.swift */,
				084EA00720D9514A003B0D6D /* File.swift */,
				084E9FF920D950DC003B0D6D /* Main.storyboard */,
				084E9FFC20D950DE003B0D6D /* Assets.xcassets */,
				084E9FFE20D950DE003B0D6D /* LaunchScreen.storyboard */,
				084EA00120D950DE003B0D6D /* Info.plist */,
			);
			path = "第二天表的练习";
			sourceTree = "<group>";
		};
/* End PBXGroup section */

/* Begin PBXNativeTarget section */
		084E9FF120D950DC003B0D6D /* 第二天表的练习 */ = {
			isa = PBXNativeTarget;
			buildConfigurationList = 084EA00420D950DE003B0D6D /* Build configuration list for PBXNativeTarget "第二天表的练习" */;
			buildPhases = (
				084E9FEE20D950DC003B0D6D /* Sources */,
				084E9FEF20D950DC003B0D6D /* Frameworks */,
				084E9FF020D950DC003B0D6D /* Resources */,
			);
			buildRules = (
			);
			dependencies = (
			);
			name = "第二天表的练习";
			productName = "第二天表的练习";
			productReference = 084E9FF220D950DC003B0D6D /* 第二天表的练习.app */;
			productType = "com.apple.product-type.application";
		};
/* End PBXNativeTarget section */

/* Begin PBXProject section */
		084E9FEA20D950DC003B0D6D /* Project object */ = {
			isa = PBXProject;
			attributes = {
				LastSwiftUpdateCheck = 0940;
				LastUpgradeCheck = 0940;
				ORGANIZATIONNAME = Toocms;
				TargetAttributes = {
					084E9FF120D950DC003B0D6D = {
						CreatedOnToolsVersion = 9.4;
					};
				};
			};
			buildConfigurationList = 084E9FED20D950DC003B0D6D /* Build configuration list for PBXProject "第二天表的练习" */;
			compatibilityVersion = "Xcode 9.3";
			developmentRegion = en;
			hasScannedForEncodings = 0;
			knownRegions = (
				en,
				Base,
			);
			mainGroup = 084E9FE920D950DC003B0D6D;
			productRefGroup = 084E9FF320D950DC003B0D6D /* Products */;
			projectDirPath = "";
			projectRoot = "";
			targets = (
				084E9FF120D950DC003B0D6D /* 第二天表的练习 */,
			);
		};
/* End PBXProject section */

/* Begin PBXResourcesBuildPhase section */
		084E9FF020D950DC003B0D6D /* Resources */ = {
			isa = PBXResourcesBuildPhase;
			buildActionMask = 2147483647;
			files = (
				084EA00020D950DE003B0D6D /* LaunchScreen.storyboard in Resources */,
				084E9FFD20D950DE003B0D6D /* Assets.xcassets in Resources */,
				084E9FFB20D950DC003B0D6D /* Main.storyboard in Resources */,
			);
			runOnlyForDeploymentPostprocessing = 0;
		};
/* End PBXResourcesBuildPhase section */

/* Begin PBXSourcesBuildPhase section */
		084E9FEE20D950DC003B0D6D /* Sources */ = {
			isa = PBXSourcesBuildPhase;
			buildActionMask = 2147483647;
			files = (
				084E9FF820D950DC003B0D6D /* ViewController.swift in Sources */,
				084EA00820D9514A003B0D6D /* File.swift in Sources */,
				084E9FF620D950DC003B0D6D /* AppDelegate.swift in Sources */,
			);
			runOnlyForDeploymentPostprocessing = 0;
		};
/* End PBXSourcesBuildPhase section */

/* Begin PBXVariantGroup section */
		084E9FF920D950DC003B0D6D /* Main.storyboard */ = {
			isa = PBXVariantGroup;
			children = (
				084E9FFA20D950DC003B0D6D /* Base */,
			);
			name = Main.storyboard;
			sourceTree = "<group>";
		};
		084E9FFE20D950DE003B0D6D /* LaunchScreen.storyboard */ = {
			isa = PBXVariantGroup;
			children = (
				084E9FFF20D950DE003B0D6D /* Base */,
			);
			name = LaunchScreen.storyboard;
			sourceTree = "<group>";
		};
/* End PBXVariantGroup section */

/* Begin XCBuildConfiguration section */
		084EA00220D950DE003B0D6D /* Debug */ = {
			isa = XCBuildConfiguration;
			buildSettings = {
				ALWAYS_SEARCH_USER_PATHS = NO;
				CLANG_ANALYZER_NONNULL = YES;
				CLANG_ANALYZER_NUMBER_OBJECT_CONVERSION = YES_AGGRESSIVE;
				CLANG_CXX_LANGUAGE_STANDARD = "gnu++14";
				CLANG_CXX_LIBRARY = "libc++";
				CLANG_ENABLE_MODULES = YES;
				CLANG_ENABLE_OBJC_ARC = YES;
				CLANG_ENABLE_OBJC_WEAK = YES;
				CLANG_WARN_BLOCK_CAPTURE_AUTORELEASING = YES;
				CLANG_WARN_BOOL_CONVERSION = YES;
				CLANG_WARN_COMMA = YES;
				CLANG_WARN_CONSTANT_CONVERSION = YES;
				CLANG_WARN_DEPRECATED_OBJC_IMPLEMENTATIONS = YES;
				CLANG_WARN_DIRECT_OBJC_ISA_USAGE = YES_ERROR;
				CLANG_WARN_DOCUMENTATION_COMMENTS = YES;
				CLANG_WARN_EMPTY_BODY = YES;
				CLANG_WARN_ENUM_CONVERSION = YES;
				CLANG_WARN_INFINITE_RECURSION = YES;
				CLANG_WARN_INT_CONVERSION = YES;
				CLANG_WARN_NON_LITERAL_NULL_CONVERSION = YES;
				CLANG_WARN_OBJC_IMPLICIT_RETAIN_SELF = YES;
				CLANG_WARN_OBJC_LITERAL_CONVERSION = YES;
				CLANG_WARN_OBJC_ROOT_CLASS = YES_ERROR;
				CLANG_WARN_RANGE_LOOP_ANALYSIS = YES;
				CLANG_WARN_STRICT_PROTOTYPES = YES;
				CLANG_WARN_SUSPICIOUS_MOVE = YES;
				CLANG_WARN_UNGUARDED_AVAILABILITY = YES_AGGRESSIVE;
				CLANG_WARN_UNREACHABLE_CODE = YES;
				CLANG_WARN__DUPLICATE_METHOD_MATCH = YES;
				CODE_SIGN_IDENTITY = "iPhone Developer";
				COPY_PHASE_STRIP = NO;
				DEBUG_INFORMATION_FORMAT = dwarf;
				ENABLE_STRICT_OBJC_MSGSEND = YES;
				ENABLE_TESTABILITY = YES;
				GCC_C_LANGUAGE_STANDARD = gnu11;
				GCC_DYNAMIC_NO_PIC = NO;
				GCC_NO_COMMON_BLOCKS = YES;
				GCC_OPTIMIZATION_LEVEL = 0;
				GCC_PREPROCESSOR_DEFINITIONS = (
					"DEBUG=1",
					"$(inherited)",
				);
				GCC_WARN_64_TO_32_BIT_CONVERSION = YES;
				GCC_WARN_ABOUT_RETURN_TYPE = YES_ERROR;
				GCC_WARN_UNDECLARED_SELECTOR = YES;
				GCC_WARN_UNINITIALIZED_AUTOS = YES_AGGRESSIVE;
				GCC_WARN_UNUSED_FUNCTION = YES;
				GCC_WARN_UNUSED_VARIABLE = YES;
				IPHONEOS_DEPLOYMENT_TARGET = 11.4;
				MTL_ENABLE_DEBUG_INFO = YES;
				ONLY_ACTIVE_ARCH = YES;
				SDKROOT = iphoneos;
				SWIFT_ACTIVE_COMPILATION_CONDITIONS = DEBUG;
				SWIFT_OPTIMIZATION_LEVEL = "-Onone";
			};
			name = Debug;
		};
		084EA00320D950DE003B0D6D /* Release */ = {
			isa = XCBuildConfiguration;
			buildSettings = {
				ALWAYS_SEARCH_USER_PATHS = NO;
				CLANG_ANALYZER_NONNULL = YES;
				CLANG_ANALYZER_NUMBER_OBJECT_CONVERSION = YES_AGGRESSIVE;
				CLANG_CXX_LANGUAGE_STANDARD = "gnu++14";
				CLANG_CXX_LIBRARY = "libc++";
				CLANG_ENABLE_MODULES = YES;
				CLANG_ENABLE_OBJC_ARC = YES;
				CLANG_ENABLE_OBJC_WEAK = YES;
				CLANG_WARN_BLOCK_CAPTURE_AUTORELEASING = YES;
				CLANG_WARN_BOOL_CONVERSION = YES;
				CLANG_WARN_COMMA = YES;
				CLANG_WARN_CONSTANT_CONVERSION = YES;
				CLANG_WARN_DEPRECATED_OBJC_IMPLEMENTATIONS = YES;
				CLANG_WARN_DIRECT_OBJC_ISA_USAGE = YES_ERROR;
				CLANG_WARN_DOCUMENTATION_COMMENTS = YES;
				CLANG_WARN_EMPTY_BODY = YES;
				CLANG_WARN_ENUM_CONVERSION = YES;
				CLANG_WARN_INFINITE_RECURSION = YES;
				CLANG_WARN_INT_CONVERSION = YES;
				CLANG_WARN_NON_LITERAL_NULL_CONVERSION = YES;
				CLANG_WARN_OBJC_IMPLICIT_RETAIN_SELF = YES;
				CLANG_WARN_OBJC_LITERAL_CONVERSION = YES;
				CLANG_WARN_OBJC_ROOT_CLASS = YES_ERROR;
				CLANG_WARN_RANGE_LOOP_ANALYSIS = YES;
				CLANG_WARN_STRICT_PROTOTYPES = YES;
				CLANG_WARN_SUSPICIOUS_MOVE = YES;
				CLANG_WARN_UNGUARDED_AVAILABILITY = YES_AGGRESSIVE;
				CLANG_WARN_UNREACHABLE_CODE = YES;
				CLANG_WARN__DUPLICATE_METHOD_MATCH = YES;
				CODE_SIGN_IDENTITY = "iPhone Developer";
				COPY_PHASE_STRIP = NO;
				DEBUG_INFORMATION_FORMAT = "dwarf-with-dsym";
				ENABLE_NS_ASSERTIONS = NO;
				ENABLE_STRICT_OBJC_MSGSEND = YES;
				GCC_C_LANGUAGE_STANDARD = gnu11;
				GCC_NO_COMMON_BLOCKS = YES;
				GCC_WARN_64_TO_32_BIT_CONVERSION = YES;
				GCC_WARN_ABOUT_RETURN_TYPE = YES_ERROR;
				GCC_WARN_UNDECLARED_SELECTOR = YES;
				GCC_WARN_UNINITIALIZED_AUTOS = YES_AGGRESSIVE;
				GCC_WARN_UNUSED_FUNCTION = YES;
				GCC_WARN_UNUSED_VARIABLE = YES;
				IPHONEOS_DEPLOYMENT_TARGET = 11.4;
				MTL_ENABLE_DEBUG_INFO = NO;
				SDKROOT = iphoneos;
				SWIFT_COMPILATION_MODE = wholemodule;
				SWIFT_OPTIMIZATION_LEVEL = "-O";
				VALIDATE_PRODUCT = YES;
			};
			name = Release;
		};
		084EA00520D950DE003B0D6D /* Debug */ = {
			isa = XCBuildConfiguration;
			buildSettings = {
				ASSETCATALOG_COMPILER_APPICON_NAME = AppIcon;
				CODE_SIGN_STYLE = Automatic;
				DEVELOPMENT_TEAM = 892MD55VA8;
				INFOPLIST_FILE = "第二天表的练习/Info.plist";
				LD_RUNPATH_SEARCH_PATHS = (
					"$(inherited)",
					"@executable_path/Frameworks",
				);
				PRODUCT_BUNDLE_IDENTIFIER = "com.HomeFoods.Toocms.-------";
				PRODUCT_NAME = "$(TARGET_NAME)";
				SWIFT_VERSION = 4.0;
				TARGETED_DEVICE_FAMILY = "1,2";
			};
			name = Debug;
		};
		084EA00620D950DE003B0D6D /* Release */ = {
			isa = XCBuildConfiguration;
			buildSettings = {
				ASSETCATALOG_COMPILER_APPICON_NAME = AppIcon;
				CODE_SIGN_STYLE = Automatic;
				DEVELOPMENT_TEAM = 892MD55VA8;
				INFOPLIST_FILE = "第二天表的练习/Info.plist";
				LD_RUNPATH_SEARCH_PATHS = (
					"$(inherited)",
					"@executable_path/Frameworks",
				);
				PRODUCT_BUNDLE_IDENTIFIER = "com.HomeFoods.Toocms.-------";
				PRODUCT_NAME = "$(TARGET_NAME)";
				SWIFT_VERSION = 4.0;
				TARGETED_DEVICE_FAMILY = "1,2";
			};
			name = Release;
		};
/* End XCBuildConfiguration section */

/* Begin XCConfigurationList section */
		084E9FED20D950DC003B0D6D /* Build configuration list for PBXProject "第二天表的练习" */ = {
			isa = XCConfigurationList;
			buildConfigurations = (
				084EA00220D950DE003B0D6D /* Debug */,
				084EA00320D950DE003B0D6D /* Release */,
			);
			defaultConfigurationIsVisible = 0;
			defaultConfigurationName = Release;
		};
		084EA00420D950DE003B0D6D /* Build configuration list for PBXNativeTarget "第二天表的练习" */ = {
			isa = XCConfigurationList;
			buildConfigurations = (
				084EA00520D950DE003B0D6D /* Debug */,
				084EA00620D950DE003B0D6D /* Release */,
			);
			defaultConfigurationIsVisible = 0;
			defaultConfigurationName = Release;
		};
/* End XCConfigurationList section */
	};
	rootObject = 084E9FEA20D950DC003B0D6D /* Project object */;
}
